
Microsoft Visual Studio Solution File, Format Version 12.00
# Visual Studio Version 16
VisualStudioVersion = 16.0.29609.76
MinimumVisualStudioVersion = 10.0.40219.1
Project("{2150E333-8FDC-42A3-9474-1A3956D46DE8}") = "Ui", "Ui", "{997C2735-364B-44E2-8AD7-E406E9AE4AB3}"
EndProject
Project("{FAE04EC0-301F-11D3-BF4B-00C04F79EFBC}") = "MongoDocker.Sample.Ui.Api", "Ui\MongoDocker.Sample.Ui.Api\MongoDocker.Sample.Ui.Api.csproj", "{42FEBAB1-399A-4F83-8516-72F67E71850A}"
EndProject
Global
	GlobalSection(SolutionConfigurationPlatforms) = preSolution
		Debug|Any CPU = Debug|Any CPU
		Release|Any CPU = Release|Any CPU
	EndGlobalSection
	GlobalSection(ProjectConfigurationPlatforms) = postSolution
		{42FEBAB1-399A-4F83-8516-72F67E71850A}.Debug|Any CPU.ActiveCfg = Debug|Any CPU
		{42FEBAB1-399A-4F83-8516-72F67E71850A}.Debug|Any CPU.Build.0 = Debug|Any CPU
		{42FEBAB1-399A-4F83-8516-72F67E71850A}.Release|Any CPU.ActiveCfg = Release|Any CPU
		{42FEBAB1-399A-4F83-8516-72F67E71850A}.Release|Any CPU.Build.0 = Release|Any CPU
	EndGlobalSection
	GlobalSection(SolutionProperties) = preSolution
		HideSolutionNode = FALSE
	EndGlobalSection
	GlobalSection(NestedProjects) = preSolution
		{42FEBAB1-399A-4F83-8516-72F67E71850A} = {997C2735-364B-44E2-8AD7-E406E9AE4AB3}
	EndGlobalSection
	GlobalSection(ExtensibilityGlobals) = postSolution
		SolutionGuid = {715F75F5-0494-4273-881B-845E18D9D0BC}
	EndGlobalSection
EndGlobal
